
Microsoft Visual Studio Solution File, Format Version 12.00
# Visual Studio 2012
Project("{8BC9CEB8-8B4A-11D0-8D11-00A0C91BC942}") = "libArtNet", "libArtNet\libArtNet.vcxproj", "{F4C3D69A-296B-40B5-8F10-3529CC102C08}"
EndProject
Project("{8BC9CEB8-8B4A-11D0-8D11-00A0C91BC942}") = "ArtNetRouter", "ArtNetRouter\ArtNetRouter.vcxproj", "{D5DA043A-5B02-4765-9383-DD1C27398BE1}"
	ProjectSection(ProjectDependencies) = postProject
		{F4C3D69A-296B-40B5-8F10-3529CC102C08} = {F4C3D69A-296B-40B5-8F10-3529CC102C08}
	EndProjectSection
EndProject
Global
	GlobalSection(SolutionConfigurationPlatforms) = preSolution
		Debug|Win32 = Debug|Win32
		Release|Win32 = Release|Win32
	EndGlobalSection
	GlobalSection(ProjectConfigurationPlatforms) = postSolution
		{F4C3D69A-296B-40B5-8F10-3529CC102C08}.Debug|Win32.ActiveCfg = Debug|Win32
		{F4C3D69A-296B-40B5-8F10-3529CC102C08}.Debug|Win32.Build.0 = Debug|Win32
		{F4C3D69A-296B-40B5-8F10-3529CC102C08}.Release|Win32.ActiveCfg = Release|Win32
		{F4C3D69A-296B-40B5-8F10-3529CC102C08}.Release|Win32.Build.0 = Release|Win32
		{D5DA043A-5B02-4765-9383-DD1C27398BE1}.Debug|Win32.ActiveCfg = Debug|Win32
		{D5DA043A-5B02-4765-9383-DD1C27398BE1}.Debug|Win32.Build.0 = Debug|Win32
		{D5DA043A-5B02-4765-9383-DD1C27398BE1}.Release|Win32.ActiveCfg = Release|Win32
		{D5DA043A-5B02-4765-9383-DD1C27398BE1}.Release|Win32.Build.0 = Release|Win32
	EndGlobalSection
	GlobalSection(SolutionProperties) = preSolution
		HideSolutionNode = FALSE
	EndGlobalSection
EndGlobal
